
Microsoft Visual Studio Solution File, Format Version 12.00
# Visual Studio Version 17
VisualStudioVersion = 17.7.34202.233
MinimumVisualStudioVersion = 10.0.40219.1
Project("{FAE04EC0-301F-11D3-BF4B-00C04F79EFBC}") = "hoteleria", "hoteleria.csproj", "{FE27E62E-0054-4B4C-8D3F-A4BEEF70DC29}"
EndProject
Global
	GlobalSection(SolutionConfigurationPlatforms) = preSolution
		Debug|Any CPU = Debug|Any CPU
		Release|Any CPU = Release|Any CPU
	EndGlobalSection
	GlobalSection(ProjectConfigurationPlatforms) = postSolution
		{FE27E62E-0054-4B4C-8D3F-A4BEEF70DC29}.Debug|Any CPU.ActiveCfg = Debug|Any CPU
		{FE27E62E-0054-4B4C-8D3F-A4BEEF70DC29}.Debug|Any CPU.Build.0 = Debug|Any CPU
		{FE27E62E-0054-4B4C-8D3F-A4BEEF70DC29}.Release|Any CPU.ActiveCfg = Release|Any CPU
		{FE27E62E-0054-4B4C-8D3F-A4BEEF70DC29}.Release|Any CPU.Build.0 = Release|Any CPU
	EndGlobalSection
	GlobalSection(SolutionProperties) = preSolution
		HideSolutionNode = FALSE
	EndGlobalSection
	GlobalSection(ExtensibilityGlobals) = postSolution
		SolutionGuid = {D0199271-DC9B-4F68-A978-B2EF7959157E}
	EndGlobalSection
EndGlobal
